
Microsoft Visual Studio Solution File, Format Version 12.00
# Visual Studio Version 17
VisualStudioVersion = 17.2.32616.157
MinimumVisualStudioVersion = 10.0.40219.1
Project("{2150E333-8FDC-42A3-9474-1A3956D46DE8}") = "Domain", "Domain", "{7F0377EA-2A46-4FD3-9690-D498AC19AE14}"
EndProject
Project("{2150E333-8FDC-42A3-9474-1A3956D46DE8}") = "Infrastructure", "Infrastructure", "{7A854ACF-8C15-4405-B10B-67D9DDEF4B77}"
EndProject
Project("{2150E333-8FDC-42A3-9474-1A3956D46DE8}") = "Tests", "Tests", "{D16211D3-DEC9-48C4-B0B8-972446A88A89}"
EndProject
Project("{2150E333-8FDC-42A3-9474-1A3956D46DE8}") = "UI", "UI", "{3A07BAD7-0837-49A1-967C-6FDBDF6E0BA8}"
EndProject
Project("{9A19103F-16F7-4668-BE54-9A1E7A4F7556}") = "OFF.Domain.Common", "OFF.Domain.Common\OFF.Domain.Common.csproj", "{4094DFE4-D8C5-4A99-9D10-F15FAAC404BD}"
EndProject
Project("{9A19103F-16F7-4668-BE54-9A1E7A4F7556}") = "OFF.Domain.DI", "OFF.Domain.DI\OFF.Domain.DI.csproj", "{0F26F819-E84B-4880-BCB5-F89B6495EABA}"
	ProjectSection(ProjectDependencies) = postProject
		{098DB2B5-85A0-4F87-8C90-E779A655D2FF} = {098DB2B5-85A0-4F87-8C90-E779A655D2FF}
		{0BFE0AB2-E200-4A81-A043-470388EB0157} = {0BFE0AB2-E200-4A81-A043-470388EB0157}
		{4094DFE4-D8C5-4A99-9D10-F15FAAC404BD} = {4094DFE4-D8C5-4A99-9D10-F15FAAC404BD}
		{C6B80706-ACE9-4618-AC99-8CB10ECB770F} = {C6B80706-ACE9-4618-AC99-8CB10ECB770F}
	EndProjectSection
EndProject
Project("{9A19103F-16F7-4668-BE54-9A1E7A4F7556}") = "OFF.Domain.Facades", "OFF.Domain.Facades\OFF.Domain.Facades.csproj", "{C6B80706-ACE9-4618-AC99-8CB10ECB770F}"
EndProject
Project("{9A19103F-16F7-4668-BE54-9A1E7A4F7556}") = "OFF.Domain.Interfaces.Facades", "OFF.Domain.Interfaces.Facades\OFF.Domain.Interfaces.Facades.csproj", "{0BFE0AB2-E200-4A81-A043-470388EB0157}"
EndProject
Project("{9A19103F-16F7-4668-BE54-9A1E7A4F7556}") = "OFF.Domain.Interfaces.Infrastructure", "OFF.Domain.Interfaces.Infrastructure\OFF.Domain.Interfaces.Infrastructure.csproj", "{098DB2B5-85A0-4F87-8C90-E779A655D2FF}"
EndProject
Project("{9A19103F-16F7-4668-BE54-9A1E7A4F7556}") = "OFF.Infrastructure.EntityFramework", "OFF.Infrastructure.EntityFramework\OFF.Infrastructure.EntityFramework.csproj", "{6DCE39FC-CA43-4A4B-A919-FFB779FC5D7A}"
EndProject
Project("{9A19103F-16F7-4668-BE54-9A1E7A4F7556}") = "OFF.Tests.Unit", "OFF.Tests.Unit\OFF.Tests.Unit.csproj", "{1E088BC2-209F-4F34-AE05-60E39B86E80A}"
EndProject
Project("{9A19103F-16F7-4668-BE54-9A1E7A4F7556}") = "OFF.UI.ASP", "OFF.UI.ASP\OFF.UI.ASP.csproj", "{F75AF8AC-AD3A-4722-9257-F23850280E91}"
	ProjectSection(ProjectDependencies) = postProject
		{098DB2B5-85A0-4F87-8C90-E779A655D2FF} = {098DB2B5-85A0-4F87-8C90-E779A655D2FF}
		{0F26F819-E84B-4880-BCB5-F89B6495EABA} = {0F26F819-E84B-4880-BCB5-F89B6495EABA}
		{4094DFE4-D8C5-4A99-9D10-F15FAAC404BD} = {4094DFE4-D8C5-4A99-9D10-F15FAAC404BD}
	EndProjectSection
EndProject
Project("{54A90642-561A-4BB1-A94E-469ADEE60C69}") = "OFF.UI.React", "OFF.UI.React\OFF.UI.React.esproj", "{C37C4AB2-861D-45E0-90EB-154B8488A736}"
EndProject
Global
	GlobalSection(SolutionConfigurationPlatforms) = preSolution
		Debug|Any CPU = Debug|Any CPU
		Release|Any CPU = Release|Any CPU
	EndGlobalSection
	GlobalSection(ProjectConfigurationPlatforms) = postSolution
		{4094DFE4-D8C5-4A99-9D10-F15FAAC404BD}.Debug|Any CPU.ActiveCfg = Debug|Any CPU
		{4094DFE4-D8C5-4A99-9D10-F15FAAC404BD}.Debug|Any CPU.Build.0 = Debug|Any CPU
		{4094DFE4-D8C5-4A99-9D10-F15FAAC404BD}.Release|Any CPU.ActiveCfg = Release|Any CPU
		{4094DFE4-D8C5-4A99-9D10-F15FAAC404BD}.Release|Any CPU.Build.0 = Release|Any CPU
		{0F26F819-E84B-4880-BCB5-F89B6495EABA}.Debug|Any CPU.ActiveCfg = Debug|Any CPU
		{0F26F819-E84B-4880-BCB5-F89B6495EABA}.Debug|Any CPU.Build.0 = Debug|Any CPU
		{0F26F819-E84B-4880-BCB5-F89B6495EABA}.Release|Any CPU.ActiveCfg = Release|Any CPU
		{0F26F819-E84B-4880-BCB5-F89B6495EABA}.Release|Any CPU.Build.0 = Release|Any CPU
		{C6B80706-ACE9-4618-AC99-8CB10ECB770F}.Debug|Any CPU.ActiveCfg = Debug|Any CPU
		{C6B80706-ACE9-4618-AC99-8CB10ECB770F}.Debug|Any CPU.Build.0 = Debug|Any CPU
		{C6B80706-ACE9-4618-AC99-8CB10ECB770F}.Release|Any CPU.ActiveCfg = Release|Any CPU
		{C6B80706-ACE9-4618-AC99-8CB10ECB770F}.Release|Any CPU.Build.0 = Release|Any CPU
		{0BFE0AB2-E200-4A81-A043-470388EB0157}.Debug|Any CPU.ActiveCfg = Debug|Any CPU
		{0BFE0AB2-E200-4A81-A043-470388EB0157}.Debug|Any CPU.Build.0 = Debug|Any CPU
		{0BFE0AB2-E200-4A81-A043-470388EB0157}.Release|Any CPU.ActiveCfg = Release|Any CPU
		{0BFE0AB2-E200-4A81-A043-470388EB0157}.Release|Any CPU.Build.0 = Release|Any CPU
		{098DB2B5-85A0-4F87-8C90-E779A655D2FF}.Debug|Any CPU.ActiveCfg = Debug|Any CPU
		{098DB2B5-85A0-4F87-8C90-E779A655D2FF}.Debug|Any CPU.Build.0 = Debug|Any CPU
		{098DB2B5-85A0-4F87-8C90-E779A655D2FF}.Release|Any CPU.ActiveCfg = Release|Any CPU
		{098DB2B5-85A0-4F87-8C90-E779A655D2FF}.Release|Any CPU.Build.0 = Release|Any CPU
		{6DCE39FC-CA43-4A4B-A919-FFB779FC5D7A}.Debug|Any CPU.ActiveCfg = Debug|Any CPU
		{6DCE39FC-CA43-4A4B-A919-FFB779FC5D7A}.Debug|Any CPU.Build.0 = Debug|Any CPU
		{6DCE39FC-CA43-4A4B-A919-FFB779FC5D7A}.Release|Any CPU.ActiveCfg = Release|Any CPU
		{6DCE39FC-CA43-4A4B-A919-FFB779FC5D7A}.Release|Any CPU.Build.0 = Release|Any CPU
		{1E088BC2-209F-4F34-AE05-60E39B86E80A}.Debug|Any CPU.ActiveCfg = Debug|Any CPU
		{1E088BC2-209F-4F34-AE05-60E39B86E80A}.Debug|Any CPU.Build.0 = Debug|Any CPU
		{1E088BC2-209F-4F34-AE05-60E39B86E80A}.Release|Any CPU.ActiveCfg = Release|Any CPU
		{1E088BC2-209F-4F34-AE05-60E39B86E80A}.Release|Any CPU.Build.0 = Release|Any CPU
		{F75AF8AC-AD3A-4722-9257-F23850280E91}.Debug|Any CPU.ActiveCfg = Debug|Any CPU
		{F75AF8AC-AD3A-4722-9257-F23850280E91}.Debug|Any CPU.Build.0 = Debug|Any CPU
		{F75AF8AC-AD3A-4722-9257-F23850280E91}.Release|Any CPU.ActiveCfg = Release|Any CPU
		{F75AF8AC-AD3A-4722-9257-F23850280E91}.Release|Any CPU.Build.0 = Release|Any CPU
		{C37C4AB2-861D-45E0-90EB-154B8488A736}.Debug|Any CPU.ActiveCfg = Debug|Any CPU
		{C37C4AB2-861D-45E0-90EB-154B8488A736}.Debug|Any CPU.Build.0 = Debug|Any CPU
		{C37C4AB2-861D-45E0-90EB-154B8488A736}.Debug|Any CPU.Deploy.0 = Debug|Any CPU
		{C37C4AB2-861D-45E0-90EB-154B8488A736}.Release|Any CPU.ActiveCfg = Release|Any CPU
		{C37C4AB2-861D-45E0-90EB-154B8488A736}.Release|Any CPU.Build.0 = Release|Any CPU
		{C37C4AB2-861D-45E0-90EB-154B8488A736}.Release|Any CPU.Deploy.0 = Release|Any CPU
	EndGlobalSection
	GlobalSection(SolutionProperties) = preSolution
		HideSolutionNode = FALSE
	EndGlobalSection
	GlobalSection(NestedProjects) = preSolution
		{4094DFE4-D8C5-4A99-9D10-F15FAAC404BD} = {7F0377EA-2A46-4FD3-9690-D498AC19AE14}
		{0F26F819-E84B-4880-BCB5-F89B6495EABA} = {7F0377EA-2A46-4FD3-9690-D498AC19AE14}
		{C6B80706-ACE9-4618-AC99-8CB10ECB770F} = {7F0377EA-2A46-4FD3-9690-D498AC19AE14}
		{0BFE0AB2-E200-4A81-A043-470388EB0157} = {7F0377EA-2A46-4FD3-9690-D498AC19AE14}
		{098DB2B5-85A0-4F87-8C90-E779A655D2FF} = {7F0377EA-2A46-4FD3-9690-D498AC19AE14}
		{6DCE39FC-CA43-4A4B-A919-FFB779FC5D7A} = {7A854ACF-8C15-4405-B10B-67D9DDEF4B77}
		{1E088BC2-209F-4F34-AE05-60E39B86E80A} = {D16211D3-DEC9-48C4-B0B8-972446A88A89}
		{F75AF8AC-AD3A-4722-9257-F23850280E91} = {3A07BAD7-0837-49A1-967C-6FDBDF6E0BA8}
		{C37C4AB2-861D-45E0-90EB-154B8488A736} = {3A07BAD7-0837-49A1-967C-6FDBDF6E0BA8}
	EndGlobalSection
	GlobalSection(ExtensibilityGlobals) = postSolution
		SolutionGuid = {72A1CEE2-2BF6-4E40-9AFA-80C9A41EEA3A}
	EndGlobalSection
EndGlobal
